
Microsoft Visual Studio Solution File, Format Version 12.00
Project("{FAE04EC0-301F-11D3-BF4B-00C04F79EFBC}") = "S10-ExceptionsExample", "S10-ExceptionsExample\S10-ExceptionsExample.csproj", "{30E1FF1F-E2FC-4CCD-BA82-B44CF30B43BB}"
EndProject
Global
	GlobalSection(SolutionConfigurationPlatforms) = preSolution
		Debug|Any CPU = Debug|Any CPU
		Release|Any CPU = Release|Any CPU
	EndGlobalSection
	GlobalSection(ProjectConfigurationPlatforms) = postSolution
		{30E1FF1F-E2FC-4CCD-BA82-B44CF30B43BB}.Debug|Any CPU.ActiveCfg = Debug|Any CPU
		{30E1FF1F-E2FC-4CCD-BA82-B44CF30B43BB}.Debug|Any CPU.Build.0 = Debug|Any CPU
		{30E1FF1F-E2FC-4CCD-BA82-B44CF30B43BB}.Release|Any CPU.ActiveCfg = Release|Any CPU
		{30E1FF1F-E2FC-4CCD-BA82-B44CF30B43BB}.Release|Any CPU.Build.0 = Release|Any CPU
	EndGlobalSection
EndGlobal
