
Microsoft Visual Studio Solution File, Format Version 12.00
Project("{FAE04EC0-301F-11D3-BF4B-00C04F79EFBC}") = "S4-SalaryRise", "S4-SalaryRise\S4-SalaryRise.csproj", "{43663130-F34E-4697-BF6E-8FAA153D9856}"
EndProject
Global
	GlobalSection(SolutionConfigurationPlatforms) = preSolution
		Debug|Any CPU = Debug|Any CPU
		Release|Any CPU = Release|Any CPU
	EndGlobalSection
	GlobalSection(ProjectConfigurationPlatforms) = postSolution
		{43663130-F34E-4697-BF6E-8FAA153D9856}.Debug|Any CPU.ActiveCfg = Debug|Any CPU
		{43663130-F34E-4697-BF6E-8FAA153D9856}.Debug|Any CPU.Build.0 = Debug|Any CPU
		{43663130-F34E-4697-BF6E-8FAA153D9856}.Release|Any CPU.ActiveCfg = Release|Any CPU
		{43663130-F34E-4697-BF6E-8FAA153D9856}.Release|Any CPU.Build.0 = Release|Any CPU
	EndGlobalSection
EndGlobal
