
Microsoft Visual Studio Solution File, Format Version 12.00
Project("{FAE04EC0-301F-11D3-BF4B-00C04F79EFBC}") = "S9-ImportedUsedProducts", "S9-ImportedUsedProducts\S9-ImportedUsedProducts.csproj", "{6B0C1E6E-B97B-46B9-87F4-7F71C2C9D152}"
EndProject
Global
	GlobalSection(SolutionConfigurationPlatforms) = preSolution
		Debug|Any CPU = Debug|Any CPU
		Release|Any CPU = Release|Any CPU
	EndGlobalSection
	GlobalSection(ProjectConfigurationPlatforms) = postSolution
		{6B0C1E6E-B97B-46B9-87F4-7F71C2C9D152}.Debug|Any CPU.ActiveCfg = Debug|Any CPU
		{6B0C1E6E-B97B-46B9-87F4-7F71C2C9D152}.Debug|Any CPU.Build.0 = Debug|Any CPU
		{6B0C1E6E-B97B-46B9-87F4-7F71C2C9D152}.Release|Any CPU.ActiveCfg = Release|Any CPU
		{6B0C1E6E-B97B-46B9-87F4-7F71C2C9D152}.Release|Any CPU.Build.0 = Release|Any CPU
	EndGlobalSection
EndGlobal
