
Microsoft Visual Studio Solution File, Format Version 12.00
Project("{FAE04EC0-301F-11D3-BF4B-00C04F79EFBC}") = "S4-RetangleArea", "S4-RetangleArea\S4-RetangleArea.csproj", "{27DEAA2F-2B40-482B-B45B-109B1A5DF808}"
EndProject
Global
	GlobalSection(SolutionConfigurationPlatforms) = preSolution
		Debug|Any CPU = Debug|Any CPU
		Release|Any CPU = Release|Any CPU
	EndGlobalSection
	GlobalSection(ProjectConfigurationPlatforms) = postSolution
		{27DEAA2F-2B40-482B-B45B-109B1A5DF808}.Debug|Any CPU.ActiveCfg = Debug|Any CPU
		{27DEAA2F-2B40-482B-B45B-109B1A5DF808}.Debug|Any CPU.Build.0 = Debug|Any CPU
		{27DEAA2F-2B40-482B-B45B-109B1A5DF808}.Release|Any CPU.ActiveCfg = Release|Any CPU
		{27DEAA2F-2B40-482B-B45B-109B1A5DF808}.Release|Any CPU.Build.0 = Release|Any CPU
	EndGlobalSection
EndGlobal
